# THIS IS AN AUTOGENERATED FILE. DO NOT EDIT THIS FILE DIRECTLY.
# yarn lockfile v1


vue-script2@^2.0.3:
  version "2.1.0"
  resolved "https://registry.yarnpkg.com/vue-script2/-/vue-script2-2.1.0.tgz#8e480dc6052c8cdf2aa0ec112efc80f31ddc3522"
  integrity sha512-EDUOjQBFvhkJXwmWuUR9ijlF7/4JtmvjXSKaHSa/LNTMy9ltjgKgYB68aqlxgq8ORdSxowd5eo24P1syjZJnBA==

vue-twitter@^0.1.0:
  version "0.1.0"
  resolved "https://registry.yarnpkg.com/vue-twitter/-/vue-twitter-0.1.0.tgz#57f408753f6aa0fe0772bda78c986c8b0975e258"
  integrity sha512-qBHVaOjIX25rleBwHfNPsFpN6frxoz+cZNxXOyVRD20AdldpHhaXc3oKo7XNl6DBa5AkJl1jnU+rn3rKjfBm+A==
  dependencies:
    vue-script2 "^2.0.3"
